
Microsoft Visual Studio Solution File, Format Version 12.00
# Visual Studio Version 16
VisualStudioVersion = 16.0.31321.278
MinimumVisualStudioVersion = 10.0.40219.1
Project("{8BC9CEB8-8B4A-11D0-8D11-00A0C91BC942}") = "ImageRecognition", "ImageRecognition\ImageRecognition.vcxproj", "{85D8A5D4-4F9F-485E-BCE2-4715A46BF4B1}"
EndProject
Global
	GlobalSection(SolutionConfigurationPlatforms) = preSolution
		Debug|x64 = Debug|x64
		Debug|x86 = Debug|x86
		Release|x64 = Release|x64
		Release|x86 = Release|x86
	EndGlobalSection
	GlobalSection(ProjectConfigurationPlatforms) = postSolution
		{85D8A5D4-4F9F-485E-BCE2-4715A46BF4B1}.Debug|x64.ActiveCfg = Debug|x64
		{85D8A5D4-4F9F-485E-BCE2-4715A46BF4B1}.Debug|x64.Build.0 = Debug|x64
		{85D8A5D4-4F9F-485E-BCE2-4715A46BF4B1}.Debug|x86.ActiveCfg = Debug|Win32
		{85D8A5D4-4F9F-485E-BCE2-4715A46BF4B1}.Debug|x86.Build.0 = Debug|Win32
		{85D8A5D4-4F9F-485E-BCE2-4715A46BF4B1}.Release|x64.ActiveCfg = Release|x64
		{85D8A5D4-4F9F-485E-BCE2-4715A46BF4B1}.Release|x64.Build.0 = Release|x64
		{85D8A5D4-4F9F-485E-BCE2-4715A46BF4B1}.Release|x86.ActiveCfg = Release|Win32
		{85D8A5D4-4F9F-485E-BCE2-4715A46BF4B1}.Release|x86.Build.0 = Release|Win32
	EndGlobalSection
	GlobalSection(SolutionProperties) = preSolution
		HideSolutionNode = FALSE
	EndGlobalSection
	GlobalSection(ExtensibilityGlobals) = postSolution
		SolutionGuid = {9358C1AE-0127-48AD-800B-F17251B105C4}
	EndGlobalSection
EndGlobal
